
Microsoft Visual Studio Solution File, Format Version 12.00
# Visual Studio 15
VisualStudioVersion = 15.0.28307.757
MinimumVisualStudioVersion = 10.0.40219.1
Project("{8BC9CEB8-8B4A-11D0-8D11-00A0C91BC942}") = "MachTesr", "MachTesr\MachTesr.vcxproj", "{7E6F4711-EF80-45A9-A0A0-491415268FFA}"
EndProject
Project("{54435603-DBB4-11D2-8724-00A0C9A8B90C}") = "MachineTest", "MachineTest\MachineTest.vdproj", "{229FD09D-A0F8-4296-A8F1-62B833ABBD7C}"
EndProject
Global
	GlobalSection(SolutionConfigurationPlatforms) = preSolution
		Debug|x64 = Debug|x64
		Debug|x86 = Debug|x86
		Release|x64 = Release|x64
		Release|x86 = Release|x86
	EndGlobalSection
	GlobalSection(ProjectConfigurationPlatforms) = postSolution
		{7E6F4711-EF80-45A9-A0A0-491415268FFA}.Debug|x64.ActiveCfg = Debug|x64
		{7E6F4711-EF80-45A9-A0A0-491415268FFA}.Debug|x64.Build.0 = Debug|x64
		{7E6F4711-EF80-45A9-A0A0-491415268FFA}.Debug|x86.ActiveCfg = Debug|Win32
		{7E6F4711-EF80-45A9-A0A0-491415268FFA}.Debug|x86.Build.0 = Debug|Win32
		{7E6F4711-EF80-45A9-A0A0-491415268FFA}.Release|x64.ActiveCfg = Release|x64
		{7E6F4711-EF80-45A9-A0A0-491415268FFA}.Release|x64.Build.0 = Release|x64
		{7E6F4711-EF80-45A9-A0A0-491415268FFA}.Release|x86.ActiveCfg = Release|Win32
		{7E6F4711-EF80-45A9-A0A0-491415268FFA}.Release|x86.Build.0 = Release|Win32
		{229FD09D-A0F8-4296-A8F1-62B833ABBD7C}.Debug|x64.ActiveCfg = Debug
		{229FD09D-A0F8-4296-A8F1-62B833ABBD7C}.Debug|x86.ActiveCfg = Debug
		{229FD09D-A0F8-4296-A8F1-62B833ABBD7C}.Release|x64.ActiveCfg = Release
		{229FD09D-A0F8-4296-A8F1-62B833ABBD7C}.Release|x86.ActiveCfg = Release
	EndGlobalSection
	GlobalSection(SolutionProperties) = preSolution
		HideSolutionNode = FALSE
	EndGlobalSection
	GlobalSection(ExtensibilityGlobals) = postSolution
		SolutionGuid = {49E6BDC2-315B-48B4-901C-611A17D8FA48}
	EndGlobalSection
EndGlobal
